
Microsoft Visual Studio Solution File, Format Version 12.00
# Visual Studio Version 17
VisualStudioVersion = 17.12.35527.113 d17.12
MinimumVisualStudioVersion = 10.0.40219.1
Project("{FAE04EC0-301F-11D3-BF4B-00C04F79EFBC}") = "COMP003B.LectureActivity6", "COMP003B.LectureActivity6\COMP003B.LectureActivity6.csproj", "{BBE91BC3-15E3-4AD6-9ED1-A99ED0EE0F49}"
EndProject
Global
	GlobalSection(SolutionConfigurationPlatforms) = preSolution
		Debug|Any CPU = Debug|Any CPU
		Release|Any CPU = Release|Any CPU
	EndGlobalSection
	GlobalSection(ProjectConfigurationPlatforms) = postSolution
		{BBE91BC3-15E3-4AD6-9ED1-A99ED0EE0F49}.Debug|Any CPU.ActiveCfg = Debug|Any CPU
		{BBE91BC3-15E3-4AD6-9ED1-A99ED0EE0F49}.Debug|Any CPU.Build.0 = Debug|Any CPU
		{BBE91BC3-15E3-4AD6-9ED1-A99ED0EE0F49}.Release|Any CPU.ActiveCfg = Release|Any CPU
		{BBE91BC3-15E3-4AD6-9ED1-A99ED0EE0F49}.Release|Any CPU.Build.0 = Release|Any CPU
	EndGlobalSection
	GlobalSection(SolutionProperties) = preSolution
		HideSolutionNode = FALSE
	EndGlobalSection
EndGlobal
